// !$*UTF8*$!
{
	archiveVersion = 1;
	classes = {
	};
	objectVersion = 50;
	objects = {

/* Begin PBXBuildFile section */
		17F798F7212EBEA000D76466 /* AppDelegate.m in Sources */ = {isa = PBXBuildFile; fileRef = 17F798F6212EBEA000D76466 /* AppDelegate.m */; };
		17F798FA212EBEA000D76466 /* ViewController.m in Sources */ = {isa = PBXBuildFile; fileRef = 17F798F9212EBEA000D76466 /* ViewController.m */; };
		17F798FD212EBEA000D76466 /* Main.storyboard in Resources */ = {isa = PBXBuildFile; fileRef = 17F798FB212EBEA000D76466 /* Main.storyboard */; };
		17F798FF212EBEA200D76466 /* Assets.xcassets in Resources */ = {isa = PBXBuildFile; fileRef = 17F798FE212EBEA200D76466 /* Assets.xcassets */; };
		17F79902212EBEA200D76466 /* LaunchScreen.storyboard in Resources */ = {isa = PBXBuildFile; fileRef = 17F79900212EBEA200D76466 /* LaunchScreen.storyboard */; };
		17F79905212EBEA200D76466 /* main.m in Sources */ = {isa = PBXBuildFile; fileRef = 17F79904212EBEA200D76466 /* main.m */; };
		17F79927212EC06B00D76466 /* NSString+Addition.m in Sources */ = {isa = PBXBuildFile; fileRef = 17F79926212EC06A00D76466 /* NSString+Addition.m */; };
		17F79935212EC13D00D76466 /* GCDQueue.m in Sources */ = {isa = PBXBuildFile; fileRef = 17F7992E212EC13C00D76466 /* GCDQueue.m */; };
		17F79936212EC13D00D76466 /* GCDGroup.m in Sources */ = {isa = PBXBuildFile; fileRef = 17F7992F212EC13C00D76466 /* GCDGroup.m */; };
		17F79937212EC13D00D76466 /* GCDSemaphore.m in Sources */ = {isa = PBXBuildFile; fileRef = 17F79931212EC13C00D76466 /* GCDSemaphore.m */; };
		17F79938212EC13D00D76466 /* GCDLock.m in Sources */ = {isa = PBXBuildFile; fileRef = 17F79933212EC13C00D76466 /* GCDLock.m */; };
		956243AF248404BB00AAAD5F /* DownloadTaskQueue.m in Sources */ = {isa = PBXBuildFile; fileRef = 956243A7248404BA00AAAD5F /* DownloadTaskQueue.m */; };
		956243B0248404BB00AAAD5F /* DownloadConfig.m in Sources */ = {isa = PBXBuildFile; fileRef = 956243AB248404BA00AAAD5F /* DownloadConfig.m */; };
		956243B1248404BB00AAAD5F /* DownloadFileStatus.m in Sources */ = {isa = PBXBuildFile; fileRef = 956243AC248404BA00AAAD5F /* DownloadFileStatus.m */; };
		956243B2248404BB00AAAD5F /* DownloadQueueManager.m in Sources */ = {isa = PBXBuildFile; fileRef = 956243AD248404BB00AAAD5F /* DownloadQueueManager.m */; };
		956243B52484054E00AAAD5F /* NSFileManager+Addition.m in Sources */ = {isa = PBXBuildFile; fileRef = 956243B32484054E00AAAD5F /* NSFileManager+Addition.m */; };
		956243B82484058800AAAD5F /* NSString+Sign.m in Sources */ = {isa = PBXBuildFile; fileRef = 956243B72484058800AAAD5F /* NSString+Sign.m */; };
/* End PBXBuildFile section */

/* Begin PBXFileReference section */
		17F798F2212EBEA000D76466 /* DownQueue.app */ = {isa = PBXFileReference; explicitFileType = wrapper.application; includeInIndex = 0; path = DownQueue.app; sourceTree = BUILT_PRODUCTS_DIR; };
		17F798F5212EBEA000D76466 /* AppDelegate.h */ = {isa = PBXFileReference; lastKnownFileType = sourcecode.c.h; path = AppDelegate.h; sourceTree = "<group>"; };
		17F798F6212EBEA000D76466 /* AppDelegate.m */ = {isa = PBXFileReference; lastKnownFileType = sourcecode.c.objc; path = AppDelegate.m; sourceTree = "<group>"; };
		17F798F8212EBEA000D76466 /* ViewController.h */ = {isa = PBXFileReference; lastKnownFileType = sourcecode.c.h; path = ViewController.h; sourceTree = "<group>"; };
		17F798F9212EBEA000D76466 /* ViewController.m */ = {isa = PBXFileReference; lastKnownFileType = sourcecode.c.objc; path = ViewController.m; sourceTree = "<group>"; };
		17F798FC212EBEA000D76466 /* Base */ = {isa = PBXFileReference; lastKnownFileType = file.storyboard; name = Base; path = Base.lproj/Main.storyboard; sourceTree = "<group>"; };
		17F798FE212EBEA200D76466 /* Assets.xcassets */ = {isa = PBXFileReference; lastKnownFileType = folder.assetcatalog; path = Assets.xcassets; sourceTree = "<group>"; };
		17F79901212EBEA200D76466 /* Base */ = {isa = PBXFileReference; lastKnownFileType = file.storyboard; name = Base; path = Base.lproj/LaunchScreen.storyboard; sourceTree = "<group>"; };
		17F79903212EBEA200D76466 /* Info.plist */ = {isa = PBXFileReference; lastKnownFileType = text.plist.xml; path = Info.plist; sourceTree = "<group>"; };
		17F79904212EBEA200D76466 /* main.m */ = {isa = PBXFileReference; lastKnownFileType = sourcecode.c.objc; path = main.m; sourceTree = "<group>"; };
		17F79925212EC06A00D76466 /* NSString+Addition.h */ = {isa = PBXFileReference; fileEncoding = 4; lastKnownFileType = sourcecode.c.h; path = "NSString+Addition.h"; sourceTree = "<group>"; };
		17F79926212EC06A00D76466 /* NSString+Addition.m */ = {isa = PBXFileReference; fileEncoding = 4; lastKnownFileType = sourcecode.c.objc; path = "NSString+Addition.m"; sourceTree = "<group>"; };
		17F7992C212EC13C00D76466 /* GCDSemaphore.h */ = {isa = PBXFileReference; fileEncoding = 4; lastKnownFileType = sourcecode.c.h; path = GCDSemaphore.h; sourceTree = "<group>"; };
		17F7992D212EC13C00D76466 /* GCDLock.h */ = {isa = PBXFileReference; fileEncoding = 4; lastKnownFileType = sourcecode.c.h; path = GCDLock.h; sourceTree = "<group>"; };
		17F7992E212EC13C00D76466 /* GCDQueue.m */ = {isa = PBXFileReference; fileEncoding = 4; lastKnownFileType = sourcecode.c.objc; path = GCDQueue.m; sourceTree = "<group>"; };
		17F7992F212EC13C00D76466 /* GCDGroup.m */ = {isa = PBXFileReference; fileEncoding = 4; lastKnownFileType = sourcecode.c.objc; path = GCDGroup.m; sourceTree = "<group>"; };
		17F79930212EC13C00D76466 /* GCDConstant.h */ = {isa = PBXFileReference; fileEncoding = 4; lastKnownFileType = sourcecode.c.h; path = GCDConstant.h; sourceTree = "<group>"; };
		17F79931212EC13C00D76466 /* GCDSemaphore.m */ = {isa = PBXFileReference; fileEncoding = 4; lastKnownFileType = sourcecode.c.objc; path = GCDSemaphore.m; sourceTree = "<group>"; };
		17F79932212EC13C00D76466 /* GCDQueue.h */ = {isa = PBXFileReference; fileEncoding = 4; lastKnownFileType = sourcecode.c.h; path = GCDQueue.h; sourceTree = "<group>"; };
		17F79933212EC13C00D76466 /* GCDLock.m */ = {isa = PBXFileReference; fileEncoding = 4; lastKnownFileType = sourcecode.c.objc; path = GCDLock.m; sourceTree = "<group>"; };
		17F79934212EC13C00D76466 /* GCDGroup.h */ = {isa = PBXFileReference; fileEncoding = 4; lastKnownFileType = sourcecode.c.h; path = GCDGroup.h; sourceTree = "<group>"; };
		17F7993C212EC1D900D76466 /* CategoryConstant.h */ = {isa = PBXFileReference; lastKnownFileType = sourcecode.c.h; path = CategoryConstant.h; sourceTree = "<group>"; };
		956243A7248404BA00AAAD5F /* DownloadTaskQueue.m */ = {isa = PBXFileReference; fileEncoding = 4; lastKnownFileType = sourcecode.c.objc; path = DownloadTaskQueue.m; sourceTree = "<group>"; };
		956243A8248404BA00AAAD5F /* DownloadFileStatus.h */ = {isa = PBXFileReference; fileEncoding = 4; lastKnownFileType = sourcecode.c.h; path = DownloadFileStatus.h; sourceTree = "<group>"; };
		956243A9248404BA00AAAD5F /* DownloadTaskQueue.h */ = {isa = PBXFileReference; fileEncoding = 4; lastKnownFileType = sourcecode.c.h; path = DownloadTaskQueue.h; sourceTree = "<group>"; };
		956243AA248404BA00AAAD5F /* DownloadQueueManager.h */ = {isa = PBXFileReference; fileEncoding = 4; lastKnownFileType = sourcecode.c.h; path = DownloadQueueManager.h; sourceTree = "<group>"; };
		956243AB248404BA00AAAD5F /* DownloadConfig.m */ = {isa = PBXFileReference; fileEncoding = 4; lastKnownFileType = sourcecode.c.objc; path = DownloadConfig.m; sourceTree = "<group>"; };
		956243AC248404BA00AAAD5F /* DownloadFileStatus.m */ = {isa = PBXFileReference; fileEncoding = 4; lastKnownFileType = sourcecode.c.objc; path = DownloadFileStatus.m; sourceTree = "<group>"; };
		956243AD248404BB00AAAD5F /* DownloadQueueManager.m */ = {isa = PBXFileReference; fileEncoding = 4; lastKnownFileType = sourcecode.c.objc; path = DownloadQueueManager.m; sourceTree = "<group>"; };
		956243AE248404BB00AAAD5F /* DownloadConfig.h */ = {isa = PBXFileReference; fileEncoding = 4; lastKnownFileType = sourcecode.c.h; path = DownloadConfig.h; sourceTree = "<group>"; };
		956243B32484054E00AAAD5F /* NSFileManager+Addition.m */ = {isa = PBXFileReference; fileEncoding = 4; lastKnownFileType = sourcecode.c.objc; path = "NSFileManager+Addition.m"; sourceTree = "<group>"; };
		956243B42484054E00AAAD5F /* NSFileManager+Addition.h */ = {isa = PBXFileReference; fileEncoding = 4; lastKnownFileType = sourcecode.c.h; path = "NSFileManager+Addition.h"; sourceTree = "<group>"; };
		956243B62484058800AAAD5F /* NSString+Sign.h */ = {isa = PBXFileReference; fileEncoding = 4; lastKnownFileType = sourcecode.c.h; path = "NSString+Sign.h"; sourceTree = "<group>"; };
		956243B72484058800AAAD5F /* NSString+Sign.m */ = {isa = PBXFileReference; fileEncoding = 4; lastKnownFileType = sourcecode.c.objc; path = "NSString+Sign.m"; sourceTree = "<group>"; };
/* End PBXFileReference section */

/* Begin PBXFrameworksBuildPhase section */
		17F798EF212EBEA000D76466 /* Frameworks */ = {
			isa = PBXFrameworksBuildPhase;
			buildActionMask = 2147483647;
			files = (
			);
			runOnlyForDeploymentPostprocessing = 0;
		};
/* End PBXFrameworksBuildPhase section */

/* Begin PBXGroup section */
		17F798E9212EBEA000D76466 = {
			isa = PBXGroup;
			children = (
				17F798F4212EBEA000D76466 /* DownQueue */,
				17F798F3212EBEA000D76466 /* Products */,
			);
			sourceTree = "<group>";
		};
		17F798F3212EBEA000D76466 /* Products */ = {
			isa = PBXGroup;
			children = (
				17F798F2212EBEA000D76466 /* DownQueue.app */,
			);
			name = Products;
			sourceTree = "<group>";
		};
		17F798F4212EBEA000D76466 /* DownQueue */ = {
			isa = PBXGroup;
			children = (
				17F798F5212EBEA000D76466 /* AppDelegate.h */,
				17F798F6212EBEA000D76466 /* AppDelegate.m */,
				17F798F8212EBEA000D76466 /* ViewController.h */,
				17F798F9212EBEA000D76466 /* ViewController.m */,
				17F7991D212EBFE700D76466 /* DownLoadManager */,
				17F798FB212EBEA000D76466 /* Main.storyboard */,
				17F798FE212EBEA200D76466 /* Assets.xcassets */,
				17F79900212EBEA200D76466 /* LaunchScreen.storyboard */,
				17F79903212EBEA200D76466 /* Info.plist */,
				17F79904212EBEA200D76466 /* main.m */,
			);
			path = DownQueue;
			sourceTree = "<group>";
		};
		17F7991D212EBFE700D76466 /* DownLoadManager */ = {
			isa = PBXGroup;
			children = (
				956243AA248404BA00AAAD5F /* DownloadQueueManager.h */,
				956243AD248404BB00AAAD5F /* DownloadQueueManager.m */,
				956243A9248404BA00AAAD5F /* DownloadTaskQueue.h */,
				956243A7248404BA00AAAD5F /* DownloadTaskQueue.m */,
				956243A8248404BA00AAAD5F /* DownloadFileStatus.h */,
				956243AC248404BA00AAAD5F /* DownloadFileStatus.m */,
				956243AE248404BB00AAAD5F /* DownloadConfig.h */,
				956243AB248404BA00AAAD5F /* DownloadConfig.m */,
				17F7992B212EC13C00D76466 /* GCD_Objc */,
				17F79924212EC05500D76466 /* Categorys */,
			);
			path = DownLoadManager;
			sourceTree = "<group>";
		};
		17F79924212EC05500D76466 /* Categorys */ = {
			isa = PBXGroup;
			children = (
				956243B62484058800AAAD5F /* NSString+Sign.h */,
				956243B72484058800AAAD5F /* NSString+Sign.m */,
				956243B42484054E00AAAD5F /* NSFileManager+Addition.h */,
				956243B32484054E00AAAD5F /* NSFileManager+Addition.m */,
				17F79925212EC06A00D76466 /* NSString+Addition.h */,
				17F79926212EC06A00D76466 /* NSString+Addition.m */,
				17F7993C212EC1D900D76466 /* CategoryConstant.h */,
			);
			path = Categorys;
			sourceTree = "<group>";
		};
		17F7992B212EC13C00D76466 /* GCD_Objc */ = {
			isa = PBXGroup;
			children = (
				17F7992C212EC13C00D76466 /* GCDSemaphore.h */,
				17F79931212EC13C00D76466 /* GCDSemaphore.m */,
				17F7992D212EC13C00D76466 /* GCDLock.h */,
				17F79933212EC13C00D76466 /* GCDLock.m */,
				17F79932212EC13C00D76466 /* GCDQueue.h */,
				17F7992E212EC13C00D76466 /* GCDQueue.m */,
				17F79934212EC13C00D76466 /* GCDGroup.h */,
				17F7992F212EC13C00D76466 /* GCDGroup.m */,
				17F79930212EC13C00D76466 /* GCDConstant.h */,
			);
			path = GCD_Objc;
			sourceTree = "<group>";
		};
/* End PBXGroup section */

/* Begin PBXNativeTarget section */
		17F798F1212EBEA000D76466 /* DownQueue */ = {
			isa = PBXNativeTarget;
			buildConfigurationList = 17F79908212EBEA200D76466 /* Build configuration list for PBXNativeTarget "DownQueue" */;
			buildPhases = (
				17F798EE212EBEA000D76466 /* Sources */,
				17F798EF212EBEA000D76466 /* Frameworks */,
				17F798F0212EBEA000D76466 /* Resources */,
			);
			buildRules = (
			);
			dependencies = (
			);
			name = DownQueue;
			productName = DownQueue;
			productReference = 17F798F2212EBEA000D76466 /* DownQueue.app */;
			productType = "com.apple.product-type.application";
		};
/* End PBXNativeTarget section */

/* Begin PBXProject section */
		17F798EA212EBEA000D76466 /* Project object */ = {
			isa = PBXProject;
			attributes = {
				LastUpgradeCheck = 0940;
				ORGANIZATIONNAME = xiaoniu66;
				TargetAttributes = {
					17F798F1212EBEA000D76466 = {
						CreatedOnToolsVersion = 9.4.1;
					};
				};
			};
			buildConfigurationList = 17F798ED212EBEA000D76466 /* Build configuration list for PBXProject "DownQueue" */;
			compatibilityVersion = "Xcode 9.3";
			developmentRegion = en;
			hasScannedForEncodings = 0;
			knownRegions = (
				en,
				Base,
			);
			mainGroup = 17F798E9212EBEA000D76466;
			productRefGroup = 17F798F3212EBEA000D76466 /* Products */;
			projectDirPath = "";
			projectRoot = "";
			targets = (
				17F798F1212EBEA000D76466 /* DownQueue */,
			);
		};
/* End PBXProject section */

/* Begin PBXResourcesBuildPhase section */
		17F798F0212EBEA000D76466 /* Resources */ = {
			isa = PBXResourcesBuildPhase;
			buildActionMask = 2147483647;
			files = (
				17F79902212EBEA200D76466 /* LaunchScreen.storyboard in Resources */,
				17F798FF212EBEA200D76466 /* Assets.xcassets in Resources */,
				17F798FD212EBEA000D76466 /* Main.storyboard in Resources */,
			);
			runOnlyForDeploymentPostprocessing = 0;
		};
/* End PBXResourcesBuildPhase section */

/* Begin PBXSourcesBuildPhase section */
		17F798EE212EBEA000D76466 /* Sources */ = {
			isa = PBXSourcesBuildPhase;
			buildActionMask = 2147483647;
			files = (
				956243B52484054E00AAAD5F /* NSFileManager+Addition.m in Sources */,
				17F79935212EC13D00D76466 /* GCDQueue.m in Sources */,
				956243B82484058800AAAD5F /* NSString+Sign.m in Sources */,
				17F798FA212EBEA000D76466 /* ViewController.m in Sources */,
				17F79927212EC06B00D76466 /* NSString+Addition.m in Sources */,
				956243B2248404BB00AAAD5F /* DownloadQueueManager.m in Sources */,
				17F79905212EBEA200D76466 /* main.m in Sources */,
				17F79936212EC13D00D76466 /* GCDGroup.m in Sources */,
				956243B1248404BB00AAAD5F /* DownloadFileStatus.m in Sources */,
				956243B0248404BB00AAAD5F /* DownloadConfig.m in Sources */,
				17F79938212EC13D00D76466 /* GCDLock.m in Sources */,
				956243AF248404BB00AAAD5F /* DownloadTaskQueue.m in Sources */,
				17F798F7212EBEA000D76466 /* AppDelegate.m in Sources */,
				17F79937212EC13D00D76466 /* GCDSemaphore.m in Sources */,
			);
			runOnlyForDeploymentPostprocessing = 0;
		};
/* End PBXSourcesBuildPhase section */

/* Begin PBXVariantGroup section */
		17F798FB212EBEA000D76466 /* Main.storyboard */ = {
			isa = PBXVariantGroup;
			children = (
				17F798FC212EBEA000D76466 /* Base */,
			);
			name = Main.storyboard;
			sourceTree = "<group>";
		};
		17F79900212EBEA200D76466 /* LaunchScreen.storyboard */ = {
			isa = PBXVariantGroup;
			children = (
				17F79901212EBEA200D76466 /* Base */,
			);
			name = LaunchScreen.storyboard;
			sourceTree = "<group>";
		};
/* End PBXVariantGroup section */

/* Begin XCBuildConfiguration section */
		17F79906212EBEA200D76466 /* Debug */ = {
			isa = XCBuildConfiguration;
			buildSettings = {
				ALWAYS_SEARCH_USER_PATHS = NO;
				CLANG_ANALYZER_NONNULL = YES;
				CLANG_ANALYZER_NUMBER_OBJECT_CONVERSION = YES_AGGRESSIVE;
				CLANG_CXX_LANGUAGE_STANDARD = "gnu++14";
				CLANG_CXX_LIBRARY = "libc++";
				CLANG_ENABLE_MODULES = YES;
				CLANG_ENABLE_OBJC_ARC = YES;
				CLANG_ENABLE_OBJC_WEAK = YES;
				CLANG_WARN_BLOCK_CAPTURE_AUTORELEASING = YES;
				CLANG_WARN_BOOL_CONVERSION = YES;
				CLANG_WARN_COMMA = YES;
				CLANG_WARN_CONSTANT_CONVERSION = YES;
				CLANG_WARN_DEPRECATED_OBJC_IMPLEMENTATIONS = YES;
				CLANG_WARN_DIRECT_OBJC_ISA_USAGE = YES_ERROR;
				CLANG_WARN_DOCUMENTATION_COMMENTS = YES;
				CLANG_WARN_EMPTY_BODY = YES;
				CLANG_WARN_ENUM_CONVERSION = YES;
				CLANG_WARN_INFINITE_RECURSION = YES;
				CLANG_WARN_INT_CONVERSION = YES;
				CLANG_WARN_NON_LITERAL_NULL_CONVERSION = YES;
				CLANG_WARN_OBJC_IMPLICIT_RETAIN_SELF = YES;
				CLANG_WARN_OBJC_LITERAL_CONVERSION = YES;
				CLANG_WARN_OBJC_ROOT_CLASS = YES_ERROR;
				CLANG_WARN_RANGE_LOOP_ANALYSIS = YES;
				CLANG_WARN_STRICT_PROTOTYPES = YES;
				CLANG_WARN_SUSPICIOUS_MOVE = YES;
				CLANG_WARN_UNGUARDED_AVAILABILITY = YES_AGGRESSIVE;
				CLANG_WARN_UNREACHABLE_CODE = YES;
				CLANG_WARN__DUPLICATE_METHOD_MATCH = YES;
				CODE_SIGN_IDENTITY = "iPhone Developer";
				COPY_PHASE_STRIP = NO;
				DEBUG_INFORMATION_FORMAT = dwarf;
				ENABLE_STRICT_OBJC_MSGSEND = YES;
				ENABLE_TESTABILITY = YES;
				GCC_C_LANGUAGE_STANDARD = gnu11;
				GCC_DYNAMIC_NO_PIC = NO;
				GCC_NO_COMMON_BLOCKS = YES;
				GCC_OPTIMIZATION_LEVEL = 0;
				GCC_PREPROCESSOR_DEFINITIONS = (
					"DEBUG=1",
					"$(inherited)",
				);
				GCC_WARN_64_TO_32_BIT_CONVERSION = YES;
				GCC_WARN_ABOUT_RETURN_TYPE = YES_ERROR;
				GCC_WARN_UNDECLARED_SELECTOR = YES;
				GCC_WARN_UNINITIALIZED_AUTOS = YES_AGGRESSIVE;
				GCC_WARN_UNUSED_FUNCTION = YES;
				GCC_WARN_UNUSED_VARIABLE = YES;
				IPHONEOS_DEPLOYMENT_TARGET = 11.4;
				MTL_ENABLE_DEBUG_INFO = YES;
				ONLY_ACTIVE_ARCH = YES;
				SDKROOT = iphoneos;
			};
			name = Debug;
		};
		17F79907212EBEA200D76466 /* Release */ = {
			isa = XCBuildConfiguration;
			buildSettings = {
				ALWAYS_SEARCH_USER_PATHS = NO;
				CLANG_ANALYZER_NONNULL = YES;
				CLANG_ANALYZER_NUMBER_OBJECT_CONVERSION = YES_AGGRESSIVE;
				CLANG_CXX_LANGUAGE_STANDARD = "gnu++14";
				CLANG_CXX_LIBRARY = "libc++";
				CLANG_ENABLE_MODULES = YES;
				CLANG_ENABLE_OBJC_ARC = YES;
				CLANG_ENABLE_OBJC_WEAK = YES;
				CLANG_WARN_BLOCK_CAPTURE_AUTORELEASING = YES;
				CLANG_WARN_BOOL_CONVERSION = YES;
				CLANG_WARN_COMMA = YES;
				CLANG_WARN_CONSTANT_CONVERSION = YES;
				CLANG_WARN_DEPRECATED_OBJC_IMPLEMENTATIONS = YES;
				CLANG_WARN_DIRECT_OBJC_ISA_USAGE = YES_ERROR;
				CLANG_WARN_DOCUMENTATION_COMMENTS = YES;
				CLANG_WARN_EMPTY_BODY = YES;
				CLANG_WARN_ENUM_CONVERSION = YES;
				CLANG_WARN_INFINITE_RECURSION = YES;
				CLANG_WARN_INT_CONVERSION = YES;
				CLANG_WARN_NON_LITERAL_NULL_CONVERSION = YES;
				CLANG_WARN_OBJC_IMPLICIT_RETAIN_SELF = YES;
				CLANG_WARN_OBJC_LITERAL_CONVERSION = YES;
				CLANG_WARN_OBJC_ROOT_CLASS = YES_ERROR;
				CLANG_WARN_RANGE_LOOP_ANALYSIS = YES;
				CLANG_WARN_STRICT_PROTOTYPES = YES;
				CLANG_WARN_SUSPICIOUS_MOVE = YES;
				CLANG_WARN_UNGUARDED_AVAILABILITY = YES_AGGRESSIVE;
				CLANG_WARN_UNREACHABLE_CODE = YES;
				CLANG_WARN__DUPLICATE_METHOD_MATCH = YES;
				CODE_SIGN_IDENTITY = "iPhone Developer";
				COPY_PHASE_STRIP = NO;
				DEBUG_INFORMATION_FORMAT = "dwarf-with-dsym";
				ENABLE_NS_ASSERTIONS = NO;
				ENABLE_STRICT_OBJC_MSGSEND = YES;
				GCC_C_LANGUAGE_STANDARD = gnu11;
				GCC_NO_COMMON_BLOCKS = YES;
				GCC_WARN_64_TO_32_BIT_CONVERSION = YES;
				GCC_WARN_ABOUT_RETURN_TYPE = YES_ERROR;
				GCC_WARN_UNDECLARED_SELECTOR = YES;
				GCC_WARN_UNINITIALIZED_AUTOS = YES_AGGRESSIVE;
				GCC_WARN_UNUSED_FUNCTION = YES;
				GCC_WARN_UNUSED_VARIABLE = YES;
				IPHONEOS_DEPLOYMENT_TARGET = 11.4;
				MTL_ENABLE_DEBUG_INFO = NO;
				SDKROOT = iphoneos;
				VALIDATE_PRODUCT = YES;
			};
			name = Release;
		};
		17F79909212EBEA200D76466 /* Debug */ = {
			isa = XCBuildConfiguration;
			buildSettings = {
				ASSETCATALOG_COMPILER_APPICON_NAME = AppIcon;
				CODE_SIGN_STYLE = Manual;
				DEVELOPMENT_TEAM = L5WU564W59;
				INFOPLIST_FILE = DownQueue/Info.plist;
				IPHONEOS_DEPLOYMENT_TARGET = 11.0;
				LD_RUNPATH_SEARCH_PATHS = (
					"$(inherited)",
					"@executable_path/Frameworks",
				);
				PRODUCT_BUNDLE_IDENTIFIER = com.xiaoniu66.Neptune;
				PRODUCT_NAME = "$(TARGET_NAME)";
				PROVISIONING_PROFILE = "f35eee2d-ed3e-4aa5-b394-bcf5938627b4";
				PROVISIONING_PROFILE_SPECIFIER = NeptuneDev;
				TARGETED_DEVICE_FAMILY = "1,2";
			};
			name = Debug;
		};
		17F7990A212EBEA200D76466 /* Release */ = {
			isa = XCBuildConfiguration;
			buildSettings = {
				ASSETCATALOG_COMPILER_APPICON_NAME = AppIcon;
				CODE_SIGN_STYLE = Manual;
				DEVELOPMENT_TEAM = L5WU564W59;
				INFOPLIST_FILE = DownQueue/Info.plist;
				IPHONEOS_DEPLOYMENT_TARGET = 11.0;
				LD_RUNPATH_SEARCH_PATHS = (
					"$(inherited)",
					"@executable_path/Frameworks",
				);
				PRODUCT_BUNDLE_IDENTIFIER = com.xiaoniu66.Neptune;
				PRODUCT_NAME = "$(TARGET_NAME)";
				PROVISIONING_PROFILE = "f35eee2d-ed3e-4aa5-b394-bcf5938627b4";
				PROVISIONING_PROFILE_SPECIFIER = NeptuneDev;
				TARGETED_DEVICE_FAMILY = "1,2";
			};
			name = Release;
		};
/* End XCBuildConfiguration section */

/* Begin XCConfigurationList section */
		17F798ED212EBEA000D76466 /* Build configuration list for PBXProject "DownQueue" */ = {
			isa = XCConfigurationList;
			buildConfigurations = (
				17F79906212EBEA200D76466 /* Debug */,
				17F79907212EBEA200D76466 /* Release */,
			);
			defaultConfigurationIsVisible = 0;
			defaultConfigurationName = Release;
		};
		17F79908212EBEA200D76466 /* Build configuration list for PBXNativeTarget "DownQueue" */ = {
			isa = XCConfigurationList;
			buildConfigurations = (
				17F79909212EBEA200D76466 /* Debug */,
				17F7990A212EBEA200D76466 /* Release */,
			);
			defaultConfigurationIsVisible = 0;
			defaultConfigurationName = Release;
		};
/* End XCConfigurationList section */
	};
	rootObject = 17F798EA212EBEA000D76466 /* Project object */;
}
